
Microsoft Visual Studio Solution File, Format Version 10.00
# Visual Studio 2008
Project("{FAE04EC0-301F-11D3-BF4B-00C04F79EFBC}") = "IntruderDetection", "IntruderDetection\IntruderDetection.csproj", "{86FC526E-9D0D-4D7B-BE0F-A60C52C79579}"
EndProject
Project("{FAE04EC0-301F-11D3-BF4B-00C04F79EFBC}") = "WaveStream", "WaveStream\WaveStream.csproj", "{34044D06-E5BF-42E4-A45B-B107D90558E9}"
EndProject
Project("{FAE04EC0-301F-11D3-BF4B-00C04F79EFBC}") = "ManipulateMicrophone", "ManipulateMicrophone\ManipulateMicrophone.csproj", "{CC1BEB0F-C633-46A2-90F5-74586E77838B}"
EndProject
Project("{FAE04EC0-301F-11D3-BF4B-00C04F79EFBC}") = "DirectShowLib", "DirectShowLib\DirectShowLib.csproj", "{CE009BFA-5EF6-4153-B2A1-2FA79698A9AE}"
EndProject
Global
	GlobalSection(SolutionConfigurationPlatforms) = preSolution
		Debug|Any CPU = Debug|Any CPU
		Release|Any CPU = Release|Any CPU
	EndGlobalSection
	GlobalSection(ProjectConfigurationPlatforms) = postSolution
		{86FC526E-9D0D-4D7B-BE0F-A60C52C79579}.Debug|Any CPU.ActiveCfg = Debug|Any CPU
		{86FC526E-9D0D-4D7B-BE0F-A60C52C79579}.Debug|Any CPU.Build.0 = Debug|Any CPU
		{86FC526E-9D0D-4D7B-BE0F-A60C52C79579}.Release|Any CPU.ActiveCfg = Release|Any CPU
		{86FC526E-9D0D-4D7B-BE0F-A60C52C79579}.Release|Any CPU.Build.0 = Release|Any CPU
		{34044D06-E5BF-42E4-A45B-B107D90558E9}.Debug|Any CPU.ActiveCfg = Debug|Any CPU
		{34044D06-E5BF-42E4-A45B-B107D90558E9}.Debug|Any CPU.Build.0 = Debug|Any CPU
		{34044D06-E5BF-42E4-A45B-B107D90558E9}.Release|Any CPU.ActiveCfg = Release|Any CPU
		{34044D06-E5BF-42E4-A45B-B107D90558E9}.Release|Any CPU.Build.0 = Release|Any CPU
		{CC1BEB0F-C633-46A2-90F5-74586E77838B}.Debug|Any CPU.ActiveCfg = Debug|Any CPU
		{CC1BEB0F-C633-46A2-90F5-74586E77838B}.Debug|Any CPU.Build.0 = Debug|Any CPU
		{CC1BEB0F-C633-46A2-90F5-74586E77838B}.Release|Any CPU.ActiveCfg = Release|Any CPU
		{CC1BEB0F-C633-46A2-90F5-74586E77838B}.Release|Any CPU.Build.0 = Release|Any CPU
		{CE009BFA-5EF6-4153-B2A1-2FA79698A9AE}.Debug|Any CPU.ActiveCfg = Debug|Any CPU
		{CE009BFA-5EF6-4153-B2A1-2FA79698A9AE}.Debug|Any CPU.Build.0 = Debug|Any CPU
		{CE009BFA-5EF6-4153-B2A1-2FA79698A9AE}.Release|Any CPU.ActiveCfg = Release|Any CPU
		{CE009BFA-5EF6-4153-B2A1-2FA79698A9AE}.Release|Any CPU.Build.0 = Release|Any CPU
	EndGlobalSection
	GlobalSection(SolutionProperties) = preSolution
		HideSolutionNode = FALSE
	EndGlobalSection
EndGlobal
